# Run ./gradlew --write-locks to regenerate this file
com.fasterxml.jackson.core:jackson-annotations:2.15.2 (2 constraints: c517c371)
com.google.code.findbugs:jsr305:3.0.2 (1 constraints: 170aecb4)
com.google.errorprone:error_prone_annotations:2.18.0 (5 constraints: ab491998)
com.palantir.safe-logging:logger:3.6.0 (1 constraints: 0b050c36)
com.palantir.safe-logging:logger-slf4j:3.6.0 (1 constraints: 040e6542)
com.palantir.safe-logging:logger-spi:3.6.0 (2 constraints: 171e6d7b)
com.palantir.safe-logging:preconditions:3.6.0 (1 constraints: 0b050c36)
com.palantir.safe-logging:safe-logging:3.6.0 (4 constraints: 8e33785f)
org.immutables:value:2.10.0 (1 constraints: 35052f3b)
org.jetbrains:annotations:24.0.1 (1 constraints: 331164d1)
org.slf4j:slf4j-api:1.7.31 (1 constraints: 471091b6)

[Test dependencies]
com.fasterxml.jackson.core:jackson-core:2.15.2 (1 constraints: 8a123d21)
com.fasterxml.jackson.core:jackson-databind:2.15.2 (1 constraints: 3c05403b)
com.google.guava:failureaccess:1.0.1 (1 constraints: 140ae1b4)
com.google.guava:guava:32.1.2-jre (1 constraints: a8066553)
com.google.guava:listenablefuture:9999.0-empty-to-avoid-conflict-with-guava (1 constraints: bd17c918)
com.google.j2objc:j2objc-annotations:2.8 (1 constraints: be09f5a0)
net.bytebuddy:byte-buddy:1.12.21 (1 constraints: 7d0bbfea)
net.jqwik:jqwik:1.3.7 (1 constraints: 0d050036)
net.jqwik:jqwik-api:1.3.7 (2 constraints: de117b11)
net.jqwik:jqwik-engine:1.3.7 (1 constraints: 9e07f26c)
org.apiguardian:apiguardian-api:1.1.2 (8 constraints: d66ee506)
org.assertj:assertj-core:3.24.2 (1 constraints: 3d05473b)
org.checkerframework:checker-qual:3.33.0 (1 constraints: 4b0a46bf)
org.junit.jupiter:junit-jupiter:5.10.0 (1 constraints: 3805413b)
org.junit.jupiter:junit-jupiter-api:5.10.0 (3 constraints: eb2fe84f)
org.junit.jupiter:junit-jupiter-engine:5.10.0 (1 constraints: 330efd49)
org.junit.jupiter:junit-jupiter-params:5.10.0 (1 constraints: 330efd49)
org.junit.platform:junit-platform-commons:1.10.0 (4 constraints: 6934e30b)
org.junit.platform:junit-platform-engine:1.10.0 (2 constraints: 0f1bee68)
org.opentest4j:opentest4j:1.3.0 (4 constraints: 033476a7)
