# Run ./gradlew --write-locks to regenerate this file
com.fasterxml.jackson.core:jackson-annotations:2.11.1 (2 constraints: bb17a070)
com.google.code.findbugs:jsr305:3.0.2 (1 constraints: 170aecb4)
com.google.errorprone:error_prone_annotations:2.11.0 (5 constraints: 8849c88a)
com.palantir.safe-logging:logger:1.23.0 (1 constraints: 3805363b)
com.palantir.safe-logging:logger-slf4j:1.23.0 (1 constraints: 310e8850)
com.palantir.safe-logging:logger-spi:1.23.0 (2 constraints: 711e36b0)
com.palantir.safe-logging:preconditions:1.23.0 (1 constraints: 3805363b)
com.palantir.safe-logging:safe-logging:1.23.0 (4 constraints: 42348aff)
org.immutables:value:2.8.8 (1 constraints: 14051536)
org.slf4j:slf4j-api:1.7.31 (1 constraints: 471091b6)

[Test dependencies]
com.fasterxml.jackson.core:jackson-core:2.11.1 (1 constraints: 85123021)
com.fasterxml.jackson.core:jackson-databind:2.11.1 (1 constraints: 3705333b)
com.google.guava:failureaccess:1.0.1 (1 constraints: 140ae1b4)
com.google.guava:guava:31.1-jre (1 constraints: 47069c47)
com.google.guava:listenablefuture:9999.0-empty-to-avoid-conflict-with-guava (1 constraints: bd17c918)
com.google.j2objc:j2objc-annotations:1.3 (1 constraints: b809eda0)
net.jqwik:jqwik:1.3.7 (1 constraints: 0d050036)
net.jqwik:jqwik-api:1.3.7 (2 constraints: de117b11)
net.jqwik:jqwik-engine:1.3.7 (1 constraints: 9e07f26c)
org.apiguardian:apiguardian-api:1.1.0 (3 constraints: c71a918f)
org.assertj:assertj-core:3.22.0 (1 constraints: 39053f3b)
org.checkerframework:checker-qual:3.12.0 (1 constraints: 480a3bbf)
org.junit:junit-bom:5.8.2 (6 constraints: 52620bff)
org.junit.jupiter:junit-jupiter:5.8.2 (2 constraints: 260e7a59)
org.junit.jupiter:junit-jupiter-api:5.8.2 (4 constraints: 8b385c34)
org.junit.jupiter:junit-jupiter-engine:5.8.2 (2 constraints: 2117d23c)
org.junit.jupiter:junit-jupiter-params:5.8.2 (2 constraints: 2117d23c)
org.junit.platform:junit-platform-commons:1.8.2 (5 constraints: 2c3d12a9)
org.junit.platform:junit-platform-engine:1.8.2 (3 constraints: f92365ac)
org.opentest4j:opentest4j:1.2.0 (4 constraints: 01343fa7)
