# Run ./gradlew --write-locks to regenerate this file
com.fasterxml.jackson.core:jackson-annotations:2.14.2 (2 constraints: c3178871)
com.google.code.findbugs:jsr305:3.0.2 (1 constraints: 170aecb4)
com.google.errorprone:error_prone_annotations:2.18.0 (5 constraints: 8f49ec8f)
com.palantir.safe-logging:logger:3.4.0 (1 constraints: 09050636)
com.palantir.safe-logging:logger-slf4j:3.4.0 (1 constraints: 020e5f42)
com.palantir.safe-logging:logger-spi:3.4.0 (2 constraints: 131e037b)
com.palantir.safe-logging:preconditions:3.4.0 (1 constraints: 09050636)
com.palantir.safe-logging:safe-logging:3.4.0 (4 constraints: 86333a5d)
org.immutables:value:2.9.3 (1 constraints: 10051336)
org.jetbrains:annotations:24.0.1 (1 constraints: 331164d1)
org.slf4j:slf4j-api:1.7.31 (1 constraints: 471091b6)

[Test dependencies]
com.fasterxml.jackson.core:jackson-core:2.14.2 (1 constraints: 89123a21)
com.fasterxml.jackson.core:jackson-databind:2.14.2 (1 constraints: 3b053d3b)
com.google.guava:failureaccess:1.0.1 (1 constraints: 140ae1b4)
com.google.guava:guava:32.0.0-jre (1 constraints: a5065453)
com.google.guava:listenablefuture:9999.0-empty-to-avoid-conflict-with-guava (1 constraints: bd17c918)
com.google.j2objc:j2objc-annotations:2.8 (1 constraints: be09f5a0)
net.bytebuddy:byte-buddy:1.12.21 (1 constraints: 7d0bbfea)
net.jqwik:jqwik:1.3.7 (1 constraints: 0d050036)
net.jqwik:jqwik-api:1.3.7 (2 constraints: de117b11)
net.jqwik:jqwik-engine:1.3.7 (1 constraints: 9e07f26c)
org.apiguardian:apiguardian-api:1.1.2 (8 constraints: d66ee506)
org.assertj:assertj-core:3.24.2 (1 constraints: 3d05473b)
org.checkerframework:checker-qual:3.33.0 (1 constraints: 4b0a46bf)
org.junit.jupiter:junit-jupiter:5.9.3 (1 constraints: 13052236)
org.junit.jupiter:junit-jupiter-api:5.9.3 (3 constraints: 7c2f9dde)
org.junit.jupiter:junit-jupiter-engine:5.9.3 (1 constraints: 0e0ee33b)
org.junit.jupiter:junit-jupiter-params:5.9.3 (1 constraints: 0e0ee33b)
org.junit.platform:junit-platform-commons:1.9.3 (4 constraints: 1f34b4ad)
org.junit.platform:junit-platform-engine:1.9.3 (2 constraints: ea1af84d)
org.opentest4j:opentest4j:1.2.0 (4 constraints: 01343fa7)
